// !$*UTF8*$!
{
	archiveVersion = 1;
	classes = {
	};
	objectVersion = 46;
	objects = {

/* Begin PBXBuildFile section */
		A15B522B1BE7D86100327B64 /* AppDelegate.swift in Sources */ = {isa = PBXBuildFile; fileRef = A15B522A1BE7D86100327B64 /* AppDelegate.swift */; };
		A15B522D1BE7D86100327B64 /* ViewController.swift in Sources */ = {isa = PBXBuildFile; fileRef = A15B522C1BE7D86100327B64 /* ViewController.swift */; };
		A15B52301BE7D86100327B64 /* Main.storyboard in Resources */ = {isa = PBXBuildFile; fileRef = A15B522E1BE7D86100327B64 /* Main.storyboard */; };
		A15B52321BE7D86100327B64 /* Assets.xcassets in Resources */ = {isa = PBXBuildFile; fileRef = A15B52311BE7D86100327B64 /* Assets.xcassets */; };
		A15B52351BE7D86100327B64 /* LaunchScreen.storyboard in Resources */ = {isa = PBXBuildFile; fileRef = A15B52331BE7D86100327B64 /* LaunchScreen.storyboard */; };
/* End PBXBuildFile section */

/* Begin PBXFileReference section */
		A15B52271BE7D86100327B64 /* Tab.app */ = {isa = PBXFileReference; explicitFileType = wrapper.application; includeInIndex = 0; path = Tab.app; sourceTree = BUILT_PRODUCTS_DIR; };
		A15B522A1BE7D86100327B64 /* AppDelegate.swift */ = {isa = PBXFileReference; lastKnownFileType = sourcecode.swift; path = AppDelegate.swift; sourceTree = "<group>"; };
		A15B522C1BE7D86100327B64 /* ViewController.swift */ = {isa = PBXFileReference; lastKnownFileType = sourcecode.swift; path = ViewController.swift; sourceTree = "<group>"; };
		A15B522F1BE7D86100327B64 /* Base */ = {isa = PBXFileReference; lastKnownFileType = file.storyboard; name = Base; path = Base.lproj/Main.storyboard; sourceTree = "<group>"; };
		A15B52311BE7D86100327B64 /* Assets.xcassets */ = {isa = PBXFileReference; lastKnownFileType = folder.assetcatalog; path = Assets.xcassets; sourceTree = "<group>"; };
		A15B52341BE7D86100327B64 /* Base */ = {isa = PBXFileReference; lastKnownFileType = file.storyboard; name = Base; path = Base.lproj/LaunchScreen.storyboard; sourceTree = "<group>"; };
		A15B52361BE7D86100327B64 /* Info.plist */ = {isa = PBXFileReference; lastKnownFileType = text.plist.xml; path = Info.plist; sourceTree = "<group>"; };
/* End PBXFileReference section */

/* Begin PBXFrameworksBuildPhase section */
		A15B52241BE7D86100327B64 /* Frameworks */ = {
			isa = PBXFrameworksBuildPhase;
			buildActionMask = 2147483647;
			files = (
			);
			runOnlyForDeploymentPostprocessing = 0;
		};
/* End PBXFrameworksBuildPhase section */

/* Begin PBXGroup section */
		A15B521E1BE7D86100327B64 = {
			isa = PBXGroup;
			children = (
				A15B52291BE7D86100327B64 /* Tab */,
				A15B52281BE7D86100327B64 /* Products */,
			);
			sourceTree = "<group>";
		};
		A15B52281BE7D86100327B64 /* Products */ = {
			isa = PBXGroup;
			children = (
				A15B52271BE7D86100327B64 /* Tab.app */,
			);
			name = Products;
			sourceTree = "<group>";
		};
		A15B52291BE7D86100327B64 /* Tab */ = {
			isa = PBXGroup;
			children = (
				A15B522A1BE7D86100327B64 /* AppDelegate.swift */,
				A15B522C1BE7D86100327B64 /* ViewController.swift */,
				A15B522E1BE7D86100327B64 /* Main.storyboard */,
				A15B52311BE7D86100327B64 /* Assets.xcassets */,
				A15B52331BE7D86100327B64 /* LaunchScreen.storyboard */,
				A15B52361BE7D86100327B64 /* Info.plist */,
			);
			path = Tab;
			sourceTree = "<group>";
		};
/* End PBXGroup section */

/* Begin PBXNativeTarget section */
		A15B52261BE7D86100327B64 /* Tab */ = {
			isa = PBXNativeTarget;
			buildConfigurationList = A15B52391BE7D86100327B64 /* Build configuration list for PBXNativeTarget "Tab" */;
			buildPhases = (
				A15B52231BE7D86100327B64 /* Sources */,
				A15B52241BE7D86100327B64 /* Frameworks */,
				A15B52251BE7D86100327B64 /* Resources */,
			);
			buildRules = (
			);
			dependencies = (
			);
			name = Tab;
			productName = Tab;
			productReference = A15B52271BE7D86100327B64 /* Tab.app */;
			productType = "com.apple.product-type.application";
		};
/* End PBXNativeTarget section */

/* Begin PBXProject section */
		A15B521F1BE7D86100327B64 /* Project object */ = {
			isa = PBXProject;
			attributes = {
				LastSwiftUpdateCheck = 0710;
				LastUpgradeCheck = 0710;
				ORGANIZATIONNAME = amela;
				TargetAttributes = {
					A15B52261BE7D86100327B64 = {
						CreatedOnToolsVersion = 7.1;
						DevelopmentTeam = UUN3YMBWXG;
					};
				};
			};
			buildConfigurationList = A15B52221BE7D86100327B64 /* Build configuration list for PBXProject "Tab" */;
			compatibilityVersion = "Xcode 3.2";
			developmentRegion = English;
			hasScannedForEncodings = 0;
			knownRegions = (
				en,
				Base,
			);
			mainGroup = A15B521E1BE7D86100327B64;
			productRefGroup = A15B52281BE7D86100327B64 /* Products */;
			projectDirPath = "";
			projectRoot = "";
			targets = (
				A15B52261BE7D86100327B64 /* Tab */,
			);
		};
/* End PBXProject section */

/* Begin PBXResourcesBuildPhase section */
		A15B52251BE7D86100327B64 /* Resources */ = {
			isa = PBXResourcesBuildPhase;
			buildActionMask = 2147483647;
			files = (
				A15B52351BE7D86100327B64 /* LaunchScreen.storyboard in Resources */,
				A15B52321BE7D86100327B64 /* Assets.xcassets in Resources */,
				A15B52301BE7D86100327B64 /* Main.storyboard in Resources */,
			);
			runOnlyForDeploymentPostprocessing = 0;
		};
/* End PBXResourcesBuildPhase section */

/* Begin PBXSourcesBuildPhase section */
		A15B52231BE7D86100327B64 /* Sources */ = {
			isa = PBXSourcesBuildPhase;
			buildActionMask = 2147483647;
			files = (
				A15B522D1BE7D86100327B64 /* ViewController.swift in Sources */,
				A15B522B1BE7D86100327B64 /* AppDelegate.swift in Sources */,
			);
			runOnlyForDeploymentPostprocessing = 0;
		};
/* End PBXSourcesBuildPhase section */

/* Begin PBXVariantGroup section */
		A15B522E1BE7D86100327B64 /* Main.storyboard */ = {
			isa = PBXVariantGroup;
			children = (
				A15B522F1BE7D86100327B64 /* Base */,
			);
			name = Main.storyboard;
			sourceTree = "<group>";
		};
		A15B52331BE7D86100327B64 /* LaunchScreen.storyboard */ = {
			isa = PBXVariantGroup;
			children = (
				A15B52341BE7D86100327B64 /* Base */,
			);
			name = LaunchScreen.storyboard;
			sourceTree = "<group>";
		};
/* End PBXVariantGroup section */

/* Begin XCBuildConfiguration section */
		A15B52371BE7D86100327B64 /* Debug */ = {
			isa = XCBuildConfiguration;
			buildSettings = {
				ALWAYS_SEARCH_USER_PATHS = NO;
				CLANG_CXX_LANGUAGE_STANDARD = "gnu++0x";
				CLANG_CXX_LIBRARY = "libc++";
				CLANG_ENABLE_MODULES = YES;
				CLANG_ENABLE_OBJC_ARC = YES;
				CLANG_WARN_BOOL_CONVERSION = YES;
				CLANG_WARN_CONSTANT_CONVERSION = YES;
				CLANG_WARN_DIRECT_OBJC_ISA_USAGE = YES_ERROR;
				CLANG_WARN_EMPTY_BODY = YES;
				CLANG_WARN_ENUM_CONVERSION = YES;
				CLANG_WARN_INT_CONVERSION = YES;
				CLANG_WARN_OBJC_ROOT_CLASS = YES_ERROR;
				CLANG_WARN_UNREACHABLE_CODE = YES;
				CLANG_WARN__DUPLICATE_METHOD_MATCH = YES;
				"CODE_SIGN_IDENTITY[sdk=iphoneos*]" = "iPhone Developer";
				COPY_PHASE_STRIP = NO;
				DEBUG_INFORMATION_FORMAT = dwarf;
				ENABLE_STRICT_OBJC_MSGSEND = YES;
				ENABLE_TESTABILITY = YES;
				GCC_C_LANGUAGE_STANDARD = gnu99;
				GCC_DYNAMIC_NO_PIC = NO;
				GCC_NO_COMMON_BLOCKS = YES;
				GCC_OPTIMIZATION_LEVEL = 0;
				GCC_PREPROCESSOR_DEFINITIONS = (
					"DEBUG=1",
					"$(inherited)",
				);
				GCC_WARN_64_TO_32_BIT_CONVERSION = YES;
				GCC_WARN_ABOUT_RETURN_TYPE = YES_ERROR;
				GCC_WARN_UNDECLARED_SELECTOR = YES;
				GCC_WARN_UNINITIALIZED_AUTOS = YES_AGGRESSIVE;
				GCC_WARN_UNUSED_FUNCTION = YES;
				GCC_WARN_UNUSED_VARIABLE = YES;
				IPHONEOS_DEPLOYMENT_TARGET = 9.1;
				MTL_ENABLE_DEBUG_INFO = YES;
				ONLY_ACTIVE_ARCH = YES;
				SDKROOT = iphoneos;
				SWIFT_OPTIMIZATION_LEVEL = "-Onone";
				TARGETED_DEVICE_FAMILY = "1,2";
			};
			name = Debug;
		};
		A15B52381BE7D86100327B64 /* Release */ = {
			isa = XCBuildConfiguration;
			buildSettings = {
				ALWAYS_SEARCH_USER_PATHS = NO;
				CLANG_CXX_LANGUAGE_STANDARD = "gnu++0x";
				CLANG_CXX_LIBRARY = "libc++";
				CLANG_ENABLE_MODULES = YES;
				CLANG_ENABLE_OBJC_ARC = YES;
				CLANG_WARN_BOOL_CONVERSION = YES;
				CLANG_WARN_CONSTANT_CONVERSION = YES;
				CLANG_WARN_DIRECT_OBJC_ISA_USAGE = YES_ERROR;
				CLANG_WARN_EMPTY_BODY = YES;
				CLANG_WARN_ENUM_CONVERSION = YES;
				CLANG_WARN_INT_CONVERSION = YES;
				CLANG_WARN_OBJC_ROOT_CLASS = YES_ERROR;
				CLANG_WARN_UNREACHABLE_CODE = YES;
				CLANG_WARN__DUPLICATE_METHOD_MATCH = YES;
				"CODE_SIGN_IDENTITY[sdk=iphoneos*]" = "iPhone Developer";
				COPY_PHASE_STRIP = NO;
				DEBUG_INFORMATION_FORMAT = "dwarf-with-dsym";
				ENABLE_NS_ASSERTIONS = NO;
				ENABLE_STRICT_OBJC_MSGSEND = YES;
				GCC_C_LANGUAGE_STANDARD = gnu99;
				GCC_NO_COMMON_BLOCKS = YES;
				GCC_WARN_64_TO_32_BIT_CONVERSION = YES;
				GCC_WARN_ABOUT_RETURN_TYPE = YES_ERROR;
				GCC_WARN_UNDECLARED_SELECTOR = YES;
				GCC_WARN_UNINITIALIZED_AUTOS = YES_AGGRESSIVE;
				GCC_WARN_UNUSED_FUNCTION = YES;
				GCC_WARN_UNUSED_VARIABLE = YES;
				IPHONEOS_DEPLOYMENT_TARGET = 9.1;
				MTL_ENABLE_DEBUG_INFO = NO;
				SDKROOT = iphoneos;
				TARGETED_DEVICE_FAMILY = "1,2";
				VALIDATE_PRODUCT = YES;
			};
			name = Release;
		};
		A15B523A1BE7D86100327B64 /* Debug */ = {
			isa = XCBuildConfiguration;
			buildSettings = {
				ASSETCATALOG_COMPILER_APPICON_NAME = AppIcon;
				INFOPLIST_FILE = Tab/Info.plist;
				LD_RUNPATH_SEARCH_PATHS = "$(inherited) @executable_path/Frameworks";
				PRODUCT_BUNDLE_IDENTIFIER = JadranskaHQ.Tab;
				PRODUCT_NAME = "$(TARGET_NAME)";
			};
			name = Debug;
		};
		A15B523B1BE7D86100327B64 /* Release */ = {
			isa = XCBuildConfiguration;
			buildSettings = {
				ASSETCATALOG_COMPILER_APPICON_NAME = AppIcon;
				INFOPLIST_FILE = Tab/Info.plist;
				LD_RUNPATH_SEARCH_PATHS = "$(inherited) @executable_path/Frameworks";
				PRODUCT_BUNDLE_IDENTIFIER = JadranskaHQ.Tab;
				PRODUCT_NAME = "$(TARGET_NAME)";
			};
			name = Release;
		};
/* End XCBuildConfiguration section */

/* Begin XCConfigurationList section */
		A15B52221BE7D86100327B64 /* Build configuration list for PBXProject "Tab" */ = {
			isa = XCConfigurationList;
			buildConfigurations = (
				A15B52371BE7D86100327B64 /* Debug */,
				A15B52381BE7D86100327B64 /* Release */,
			);
			defaultConfigurationIsVisible = 0;
			defaultConfigurationName = Release;
		};
		A15B52391BE7D86100327B64 /* Build configuration list for PBXNativeTarget "Tab" */ = {
			isa = XCConfigurationList;
			buildConfigurations = (
				A15B523A1BE7D86100327B64 /* Debug */,
				A15B523B1BE7D86100327B64 /* Release */,
			);
			defaultConfigurationIsVisible = 0;
		};
/* End XCConfigurationList section */
	};
	rootObject = A15B521F1BE7D86100327B64 /* Project object */;
}
